// !$*UTF8*$!
{
	archiveVersion = 1;
	classes = {
	};
	objectVersion = 50;
	objects = {

/* Begin PBXBuildFile section */
		1B001C3822702F17002478B0 /* GoogleService-Info.plist in Resources */ = {isa = PBXBuildFile; fileRef = 1B001C3722702F17002478B0 /* GoogleService-Info.plist */; };
		1B0A7C61227981D200A48196 /* Favourites.swift in Sources */ = {isa = PBXBuildFile; fileRef = 1B0A7C60227981D200A48196 /* Favourites.swift */; };
		1B0A7C642279AA7100A48196 /* imageService.swift in Sources */ = {isa = PBXBuildFile; fileRef = 1B0A7C632279AA7100A48196 /* imageService.swift */; };
		1B86AED922702CC50014ABA6 /* AppDelegate.swift in Sources */ = {isa = PBXBuildFile; fileRef = 1B86AED822702CC50014ABA6 /* AppDelegate.swift */; };
		1B86AEE022702CCB0014ABA6 /* Assets.xcassets in Resources */ = {isa = PBXBuildFile; fileRef = 1B86AEDF22702CCB0014ABA6 /* Assets.xcassets */; };
		1B86AEE322702CCB0014ABA6 /* LaunchScreen.storyboard in Resources */ = {isa = PBXBuildFile; fileRef = 1B86AEE122702CCB0014ABA6 /* LaunchScreen.storyboard */; };
		1B86AEEE22702CCB0014ABA6 /* MovieKernelTests.swift in Sources */ = {isa = PBXBuildFile; fileRef = 1B86AEED22702CCB0014ABA6 /* MovieKernelTests.swift */; };
		1B86AEF922702CCB0014ABA6 /* MovieKernelUITests.swift in Sources */ = {isa = PBXBuildFile; fileRef = 1B86AEF822702CCB0014ABA6 /* MovieKernelUITests.swift */; };
		1B96F5E42278CFFE00D30108 /* Movies.swift in Sources */ = {isa = PBXBuildFile; fileRef = 1B96F5E32278CFFE00D30108 /* Movies.swift */; };
		1BAEE42622757A37000B665C /* loadingExtension.swift in Sources */ = {isa = PBXBuildFile; fileRef = 1BAEE42522757A37000B665C /* loadingExtension.swift */; };
		1BB0B9BA227032B900EE8C26 /* mainViewController.swift in Sources */ = {isa = PBXBuildFile; fileRef = 1BB0B9B9227032B900EE8C26 /* mainViewController.swift */; };
		1BB0B9BC2270340000EE8C26 /* Main.storyboard in Resources */ = {isa = PBXBuildFile; fileRef = 1BB0B9BB2270340000EE8C26 /* Main.storyboard */; };
		1BB0B9BE2270347400EE8C26 /* Login.storyboard in Resources */ = {isa = PBXBuildFile; fileRef = 1BB0B9BD2270347400EE8C26 /* Login.storyboard */; };
		1BB0B9C02270349D00EE8C26 /* loginViewController.swift in Sources */ = {isa = PBXBuildFile; fileRef = 1BB0B9BF2270349D00EE8C26 /* loginViewController.swift */; };
		1BB0B9C2227034D300EE8C26 /* Register.storyboard in Resources */ = {isa = PBXBuildFile; fileRef = 1BB0B9C1227034D300EE8C26 /* Register.storyboard */; };
		1BB0B9C4227034EB00EE8C26 /* registerViewController.swift in Sources */ = {isa = PBXBuildFile; fileRef = 1BB0B9C3227034EB00EE8C26 /* registerViewController.swift */; };
		1BB0B9C62270350600EE8C26 /* Home.storyboard in Resources */ = {isa = PBXBuildFile; fileRef = 1BB0B9C52270350600EE8C26 /* Home.storyboard */; };
		1BDD064B22786F6100545EC6 /* photoCell.swift in Sources */ = {isa = PBXBuildFile; fileRef = 1BDD064A22786F6100545EC6 /* photoCell.swift */; };
		1BDD064D22787D6E00545EC6 /* PinterestLayout.swift in Sources */ = {isa = PBXBuildFile; fileRef = 1BDD064C22787D6E00545EC6 /* PinterestLayout.swift */; };
		1BE840C522742F6C00C3597C /* homeHollywood.storyboard in Resources */ = {isa = PBXBuildFile; fileRef = 1BE840C422742F6C00C3597C /* homeHollywood.storyboard */; };
		1BE840C722742F9A00C3597C /* homeBollywood.storyboard in Resources */ = {isa = PBXBuildFile; fileRef = 1BE840C622742F9A00C3597C /* homeBollywood.storyboard */; };
		1BE840C922742FC000C3597C /* homeKollywood.storyboard in Resources */ = {isa = PBXBuildFile; fileRef = 1BE840C822742FC000C3597C /* homeKollywood.storyboard */; };
		1BE840CB22742FE400C3597C /* homeUser.storyboard in Resources */ = {isa = PBXBuildFile; fileRef = 1BE840CA22742FE400C3597C /* homeUser.storyboard */; };
		1BE840CD22743E0300C3597C /* userViewController.swift in Sources */ = {isa = PBXBuildFile; fileRef = 1BE840CC22743E0300C3597C /* userViewController.swift */; };
		1BE840CF22743F8E00C3597C /* hollywoodViewController.swift in Sources */ = {isa = PBXBuildFile; fileRef = 1BE840CE22743F8E00C3597C /* hollywoodViewController.swift */; };
		1BE840D122743FD300C3597C /* bollywoodViewController.swift in Sources */ = {isa = PBXBuildFile; fileRef = 1BE840D022743FD300C3597C /* bollywoodViewController.swift */; };
		1BE840D32274403B00C3597C /* kollywoodViewController.swift in Sources */ = {isa = PBXBuildFile; fileRef = 1BE840D22274403B00C3597C /* kollywoodViewController.swift */; };
		1BE840D52274817D00C3597C /* userFavouriteViewController.swift in Sources */ = {isa = PBXBuildFile; fileRef = 1BE840D42274817D00C3597C /* userFavouriteViewController.swift */; };
		1BE840DA22748AEA00C3597C /* userTableViewCell.swift in Sources */ = {isa = PBXBuildFile; fileRef = 1BE840D822748AEA00C3597C /* userTableViewCell.swift */; };
		1BE840DB22748AEA00C3597C /* userTableViewCell.xib in Resources */ = {isa = PBXBuildFile; fileRef = 1BE840D922748AEA00C3597C /* userTableViewCell.xib */; };
		1BE840DE2274CFDA00C3597C /* alertExtension.swift in Sources */ = {isa = PBXBuildFile; fileRef = 1BE840DD2274CFDA00C3597C /* alertExtension.swift */; };
		6BAFCDFBA42F147A90E89BD8 /* Pods_MovieKernel.framework in Frameworks */ = {isa = PBXBuildFile; fileRef = 1F4DDDC5FA4A119C9ADA4FB3 /* Pods_MovieKernel.framework */; };
		C3B22604067188E1B335B71F /* Pods_MovieKernelTests.framework in Frameworks */ = {isa = PBXBuildFile; fileRef = F345D89CFC6B60868371D27E /* Pods_MovieKernelTests.framework */; };
		E0E3B9193ACB394B485E1E1B /* Pods_MovieKernelUITests.framework in Frameworks */ = {isa = PBXBuildFile; fileRef = DC1388EEB2E5F1FFE28B0941 /* Pods_MovieKernelUITests.framework */; };
/* End PBXBuildFile section */

/* Begin PBXContainerItemProxy section */
		1B86AEEA22702CCB0014ABA6 /* PBXContainerItemProxy */ = {
			isa = PBXContainerItemProxy;
			containerPortal = 1B86AECD22702CC50014ABA6 /* Project object */;
			proxyType = 1;
			remoteGlobalIDString = 1B86AED422702CC50014ABA6;
			remoteInfo = MovieKernel;
		};
		1B86AEF522702CCB0014ABA6 /* PBXContainerItemProxy */ = {
			isa = PBXContainerItemProxy;
			containerPortal = 1B86AECD22702CC50014ABA6 /* Project object */;
			proxyType = 1;
			remoteGlobalIDString = 1B86AED422702CC50014ABA6;
			remoteInfo = MovieKernel;
		};
/* End PBXContainerItemProxy section */

/* Begin PBXFileReference section */
		1B001C3722702F17002478B0 /* GoogleService-Info.plist */ = {isa = PBXFileReference; fileEncoding = 4; lastKnownFileType = text.plist.xml; path = "GoogleService-Info.plist"; sourceTree = "<group>"; };
		1B0A7C60227981D200A48196 /* Favourites.swift */ = {isa = PBXFileReference; lastKnownFileType = sourcecode.swift; path = Favourites.swift; sourceTree = "<group>"; };
		1B0A7C632279AA7100A48196 /* imageService.swift */ = {isa = PBXFileReference; lastKnownFileType = sourcecode.swift; path = imageService.swift; sourceTree = "<group>"; };
		1B86AED522702CC50014ABA6 /* MovieKernel.app */ = {isa = PBXFileReference; explicitFileType = wrapper.application; includeInIndex = 0; path = MovieKernel.app; sourceTree = BUILT_PRODUCTS_DIR; };
		1B86AED822702CC50014ABA6 /* AppDelegate.swift */ = {isa = PBXFileReference; lastKnownFileType = sourcecode.swift; path = AppDelegate.swift; sourceTree = "<group>"; };
		1B86AEDF22702CCB0014ABA6 /* Assets.xcassets */ = {isa = PBXFileReference; lastKnownFileType = folder.assetcatalog; path = Assets.xcassets; sourceTree = "<group>"; };
		1B86AEE222702CCB0014ABA6 /* Base */ = {isa = PBXFileReference; lastKnownFileType = file.storyboard; name = Base; path = Base.lproj/LaunchScreen.storyboard; sourceTree = "<group>"; };
		1B86AEE422702CCB0014ABA6 /* Info.plist */ = {isa = PBXFileReference; lastKnownFileType = text.plist.xml; path = Info.plist; sourceTree = "<group>"; };
		1B86AEE922702CCB0014ABA6 /* MovieKernelTests.xctest */ = {isa = PBXFileReference; explicitFileType = wrapper.cfbundle; includeInIndex = 0; path = MovieKernelTests.xctest; sourceTree = BUILT_PRODUCTS_DIR; };
		1B86AEED22702CCB0014ABA6 /* MovieKernelTests.swift */ = {isa = PBXFileReference; lastKnownFileType = sourcecode.swift; path = MovieKernelTests.swift; sourceTree = "<group>"; };
		1B86AEEF22702CCB0014ABA6 /* Info.plist */ = {isa = PBXFileReference; lastKnownFileType = text.plist.xml; path = Info.plist; sourceTree = "<group>"; };
		1B86AEF422702CCB0014ABA6 /* MovieKernelUITests.xctest */ = {isa = PBXFileReference; explicitFileType = wrapper.cfbundle; includeInIndex = 0; path = MovieKernelUITests.xctest; sourceTree = BUILT_PRODUCTS_DIR; };
		1B86AEF822702CCB0014ABA6 /* MovieKernelUITests.swift */ = {isa = PBXFileReference; lastKnownFileType = sourcecode.swift; path = MovieKernelUITests.swift; sourceTree = "<group>"; };
		1B86AEFA22702CCB0014ABA6 /* Info.plist */ = {isa = PBXFileReference; lastKnownFileType = text.plist.xml; path = Info.plist; sourceTree = "<group>"; };
		1B96F5E32278CFFE00D30108 /* Movies.swift */ = {isa = PBXFileReference; lastKnownFileType = sourcecode.swift; path = Movies.swift; sourceTree = "<group>"; };
		1B9C05F7227311D100E1907B /* MovieKernel.entitlements */ = {isa = PBXFileReference; lastKnownFileType = text.plist.entitlements; path = MovieKernel.entitlements; sourceTree = "<group>"; };
		1BAEE42522757A37000B665C /* loadingExtension.swift */ = {isa = PBXFileReference; lastKnownFileType = sourcecode.swift; path = loadingExtension.swift; sourceTree = "<group>"; };
		1BB0B9B9227032B900EE8C26 /* mainViewController.swift */ = {isa = PBXFileReference; lastKnownFileType = sourcecode.swift; path = mainViewController.swift; sourceTree = "<group>"; };
		1BB0B9BB2270340000EE8C26 /* Main.storyboard */ = {isa = PBXFileReference; lastKnownFileType = file.storyboard; path = Main.storyboard; sourceTree = "<group>"; };
		1BB0B9BD2270347400EE8C26 /* Login.storyboard */ = {isa = PBXFileReference; lastKnownFileType = file.storyboard; path = Login.storyboard; sourceTree = "<group>"; };
		1BB0B9BF2270349D00EE8C26 /* loginViewController.swift */ = {isa = PBXFileReference; lastKnownFileType = sourcecode.swift; path = loginViewController.swift; sourceTree = "<group>"; };
		1BB0B9C1227034D300EE8C26 /* Register.storyboard */ = {isa = PBXFileReference; lastKnownFileType = file.storyboard; path = Register.storyboard; sourceTree = "<group>"; };
		1BB0B9C3227034EB00EE8C26 /* registerViewController.swift */ = {isa = PBXFileReference; lastKnownFileType = sourcecode.swift; path = registerViewController.swift; sourceTree = "<group>"; };
		1BB0B9C52270350600EE8C26 /* Home.storyboard */ = {isa = PBXFileReference; lastKnownFileType = file.storyboard; path = Home.storyboard; sourceTree = "<group>"; };
		1BDD064A22786F6100545EC6 /* photoCell.swift */ = {isa = PBXFileReference; lastKnownFileType = sourcecode.swift; path = photoCell.swift; sourceTree = "<group>"; };
		1BDD064C22787D6E00545EC6 /* PinterestLayout.swift */ = {isa = PBXFileReference; lastKnownFileType = sourcecode.swift; path = PinterestLayout.swift; sourceTree = "<group>"; };
		1BE840C422742F6C00C3597C /* homeHollywood.storyboard */ = {isa = PBXFileReference; lastKnownFileType = file.storyboard; path = homeHollywood.storyboard; sourceTree = "<group>"; };
		1BE840C622742F9A00C3597C /* homeBollywood.storyboard */ = {isa = PBXFileReference; lastKnownFileType = file.storyboard; path = homeBollywood.storyboard; sourceTree = "<group>"; };
		1BE840C822742FC000C3597C /* homeKollywood.storyboard */ = {isa = PBXFileReference; lastKnownFileType = file.storyboard; path = homeKollywood.storyboard; sourceTree = "<group>"; };
		1BE840CA22742FE400C3597C /* homeUser.storyboard */ = {isa = PBXFileReference; lastKnownFileType = file.storyboard; path = homeUser.storyboard; sourceTree = "<group>"; };
		1BE840CC22743E0300C3597C /* userViewController.swift */ = {isa = PBXFileReference; lastKnownFileType = sourcecode.swift; path = userViewController.swift; sourceTree = "<group>"; };
		1BE840CE22743F8E00C3597C /* hollywoodViewController.swift */ = {isa = PBXFileReference; lastKnownFileType = sourcecode.swift; path = hollywoodViewController.swift; sourceTree = "<group>"; };
		1BE840D022743FD300C3597C /* bollywoodViewController.swift */ = {isa = PBXFileReference; lastKnownFileType = sourcecode.swift; path = bollywoodViewController.swift; sourceTree = "<group>"; };
		1BE840D22274403B00C3597C /* kollywoodViewController.swift */ = {isa = PBXFileReference; lastKnownFileType = sourcecode.swift; path = kollywoodViewController.swift; sourceTree = "<group>"; };
		1BE840D42274817D00C3597C /* userFavouriteViewController.swift */ = {isa = PBXFileReference; lastKnownFileType = sourcecode.swift; path = userFavouriteViewController.swift; sourceTree = "<group>"; };
		1BE840D822748AEA00C3597C /* userTableViewCell.swift */ = {isa = PBXFileReference; lastKnownFileType = sourcecode.swift; path = userTableViewCell.swift; sourceTree = "<group>"; };
		1BE840D922748AEA00C3597C /* userTableViewCell.xib */ = {isa = PBXFileReference; lastKnownFileType = file.xib; path = userTableViewCell.xib; sourceTree = "<group>"; };
		1BE840DD2274CFDA00C3597C /* alertExtension.swift */ = {isa = PBXFileReference; lastKnownFileType = sourcecode.swift; path = alertExtension.swift; sourceTree = "<group>"; };
		1F4DDDC5FA4A119C9ADA4FB3 /* Pods_MovieKernel.framework */ = {isa = PBXFileReference; explicitFileType = wrapper.framework; includeInIndex = 0; path = Pods_MovieKernel.framework; sourceTree = BUILT_PRODUCTS_DIR; };
		278D3DA828A5C3F613347A9D /* Pods-MovieKernel.debug.xcconfig */ = {isa = PBXFileReference; includeInIndex = 1; lastKnownFileType = text.xcconfig; name = "Pods-MovieKernel.debug.xcconfig"; path = "Target Support Files/Pods-MovieKernel/Pods-MovieKernel.debug.xcconfig"; sourceTree = "<group>"; };
		468A57C476DAA4C850C225C8 /* Pods-MovieKernelTests.release.xcconfig */ = {isa = PBXFileReference; includeInIndex = 1; lastKnownFileType = text.xcconfig; name = "Pods-MovieKernelTests.release.xcconfig"; path = "Target Support Files/Pods-MovieKernelTests/Pods-MovieKernelTests.release.xcconfig"; sourceTree = "<group>"; };
		564C401733F76625D5B46823 /* Pods-MovieKernelTests.debug.xcconfig */ = {isa = PBXFileReference; includeInIndex = 1; lastKnownFileType = text.xcconfig; name = "Pods-MovieKernelTests.debug.xcconfig"; path = "Target Support Files/Pods-MovieKernelTests/Pods-MovieKernelTests.debug.xcconfig"; sourceTree = "<group>"; };
		7F91FFF80DD4EA4E4070458F /* Pods-MovieKernel.release.xcconfig */ = {isa = PBXFileReference; includeInIndex = 1; lastKnownFileType = text.xcconfig; name = "Pods-MovieKernel.release.xcconfig"; path = "Target Support Files/Pods-MovieKernel/Pods-MovieKernel.release.xcconfig"; sourceTree = "<group>"; };
		9D54CD40C3602C2C9B85AD2F /* Pods-MovieKernelUITests.release.xcconfig */ = {isa = PBXFileReference; includeInIndex = 1; lastKnownFileType = text.xcconfig; name = "Pods-MovieKernelUITests.release.xcconfig"; path = "Target Support Files/Pods-MovieKernelUITests/Pods-MovieKernelUITests.release.xcconfig"; sourceTree = "<group>"; };
		D4F2826F94920C596D593C40 /* Pods-MovieKernelUITests.debug.xcconfig */ = {isa = PBXFileReference; includeInIndex = 1; lastKnownFileType = text.xcconfig; name = "Pods-MovieKernelUITests.debug.xcconfig"; path = "Target Support Files/Pods-MovieKernelUITests/Pods-MovieKernelUITests.debug.xcconfig"; sourceTree = "<group>"; };
		DC1388EEB2E5F1FFE28B0941 /* Pods_MovieKernelUITests.framework */ = {isa = PBXFileReference; explicitFileType = wrapper.framework; includeInIndex = 0; path = Pods_MovieKernelUITests.framework; sourceTree = BUILT_PRODUCTS_DIR; };
		F345D89CFC6B60868371D27E /* Pods_MovieKernelTests.framework */ = {isa = PBXFileReference; explicitFileType = wrapper.framework; includeInIndex = 0; path = Pods_MovieKernelTests.framework; sourceTree = BUILT_PRODUCTS_DIR; };
/* End PBXFileReference section */

/* Begin PBXFrameworksBuildPhase section */
		1B86AED222702CC50014ABA6 /* Frameworks */ = {
			isa = PBXFrameworksBuildPhase;
			buildActionMask = 2147483647;
			files = (
				6BAFCDFBA42F147A90E89BD8 /* Pods_MovieKernel.framework in Frameworks */,
			);
			runOnlyForDeploymentPostprocessing = 0;
		};
		1B86AEE622702CCB0014ABA6 /* Frameworks */ = {
			isa = PBXFrameworksBuildPhase;
			buildActionMask = 2147483647;
			files = (
				C3B22604067188E1B335B71F /* Pods_MovieKernelTests.framework in Frameworks */,
			);
			runOnlyForDeploymentPostprocessing = 0;
		};
		1B86AEF122702CCB0014ABA6 /* Frameworks */ = {
			isa = PBXFrameworksBuildPhase;
			buildActionMask = 2147483647;
			files = (
				E0E3B9193ACB394B485E1E1B /* Pods_MovieKernelUITests.framework in Frameworks */,
			);
			runOnlyForDeploymentPostprocessing = 0;
		};
/* End PBXFrameworksBuildPhase section */

/* Begin PBXGroup section */
		181F6913AA41D86FB236F225 /* Pods */ = {
			isa = PBXGroup;
			children = (
				278D3DA828A5C3F613347A9D /* Pods-MovieKernel.debug.xcconfig */,
				7F91FFF80DD4EA4E4070458F /* Pods-MovieKernel.release.xcconfig */,
				564C401733F76625D5B46823 /* Pods-MovieKernelTests.debug.xcconfig */,
				468A57C476DAA4C850C225C8 /* Pods-MovieKernelTests.release.xcconfig */,
				D4F2826F94920C596D593C40 /* Pods-MovieKernelUITests.debug.xcconfig */,
				9D54CD40C3602C2C9B85AD2F /* Pods-MovieKernelUITests.release.xcconfig */,
			);
			path = Pods;
			sourceTree = "<group>";
		};
		1B0A7C622279AA4100A48196 /* Services */ = {
			isa = PBXGroup;
			children = (
				1B0A7C632279AA7100A48196 /* imageService.swift */,
			);
			path = Services;
			sourceTree = "<group>";
		};
		1B86AECC22702CC50014ABA6 = {
			isa = PBXGroup;
			children = (
				1B86AED722702CC50014ABA6 /* MovieKernel */,
				1B86AEEC22702CCB0014ABA6 /* MovieKernelTests */,
				1B86AEF722702CCB0014ABA6 /* MovieKernelUITests */,
				1B86AED622702CC50014ABA6 /* Products */,
				181F6913AA41D86FB236F225 /* Pods */,
				B661C291FE92BF2E1C0276AC /* Frameworks */,
			);
			sourceTree = "<group>";
		};
		1B86AED622702CC50014ABA6 /* Products */ = {
			isa = PBXGroup;
			children = (
				1B86AED522702CC50014ABA6 /* MovieKernel.app */,
				1B86AEE922702CCB0014ABA6 /* MovieKernelTests.xctest */,
				1B86AEF422702CCB0014ABA6 /* MovieKernelUITests.xctest */,
			);
			name = Products;
			sourceTree = "<group>";
		};
		1B86AED722702CC50014ABA6 /* MovieKernel */ = {
			isa = PBXGroup;
			children = (
				1BE840D622748A2400C3597C /* Shared */,
				1B9C05F7227311D100E1907B /* MovieKernel.entitlements */,
				1BB0B9B62270319F00EE8C26 /* Storyboards */,
				1BB0B9B52270317F00EE8C26 /* Models */,
				1BB0B9B42270316000EE8C26 /* Controllers */,
				1B86AED822702CC50014ABA6 /* AppDelegate.swift */,
				1B86AEDF22702CCB0014ABA6 /* Assets.xcassets */,
				1B86AEE122702CCB0014ABA6 /* LaunchScreen.storyboard */,
				1B001C3722702F17002478B0 /* GoogleService-Info.plist */,
				1B86AEE422702CCB0014ABA6 /* Info.plist */,
			);
			path = MovieKernel;
			sourceTree = "<group>";
		};
		1B86AEEC22702CCB0014ABA6 /* MovieKernelTests */ = {
			isa = PBXGroup;
			children = (
				1B86AEED22702CCB0014ABA6 /* MovieKernelTests.swift */,
				1B86AEEF22702CCB0014ABA6 /* Info.plist */,
			);
			path = MovieKernelTests;
			sourceTree = "<group>";
		};
		1B86AEF722702CCB0014ABA6 /* MovieKernelUITests */ = {
			isa = PBXGroup;
			children = (
				1B86AEF822702CCB0014ABA6 /* MovieKernelUITests.swift */,
				1B86AEFA22702CCB0014ABA6 /* Info.plist */,
			);
			path = MovieKernelUITests;
			sourceTree = "<group>";
		};
		1BB0B9B42270316000EE8C26 /* Controllers */ = {
			isa = PBXGroup;
			children = (
				1BE840C322742DE200C3597C /* homeControllers */,
				1BB0B9B9227032B900EE8C26 /* mainViewController.swift */,
				1BB0B9BF2270349D00EE8C26 /* loginViewController.swift */,
				1BB0B9C3227034EB00EE8C26 /* registerViewController.swift */,
			);
			path = Controllers;
			sourceTree = "<group>";
		};
		1BB0B9B52270317F00EE8C26 /* Models */ = {
			isa = PBXGroup;
			children = (
				1B96F5E32278CFFE00D30108 /* Movies.swift */,
				1B0A7C60227981D200A48196 /* Favourites.swift */,
			);
			path = Models;
			sourceTree = "<group>";
		};
		1BB0B9B62270319F00EE8C26 /* Storyboards */ = {
			isa = PBXGroup;
			children = (
				1BE840C222742DB900C3597C /* homeStoryboards */,
				1BB0B9BB2270340000EE8C26 /* Main.storyboard */,
				1BB0B9BD2270347400EE8C26 /* Login.storyboard */,
				1BB0B9C1227034D300EE8C26 /* Register.storyboard */,
			);
			path = Storyboards;
			sourceTree = "<group>";
		};
		1BDD064922786F2600545EC6 /* Views */ = {
			isa = PBXGroup;
			children = (
				1BDD064A22786F6100545EC6 /* photoCell.swift */,
				1BDD064C22787D6E00545EC6 /* PinterestLayout.swift */,
			);
			path = Views;
			sourceTree = "<group>";
		};
		1BE840C222742DB900C3597C /* homeStoryboards */ = {
			isa = PBXGroup;
			children = (
				1BB0B9C52270350600EE8C26 /* Home.storyboard */,
				1BE840C422742F6C00C3597C /* homeHollywood.storyboard */,
				1BE840C622742F9A00C3597C /* homeBollywood.storyboard */,
				1BE840C822742FC000C3597C /* homeKollywood.storyboard */,
				1BE840CA22742FE400C3597C /* homeUser.storyboard */,
			);
			path = homeStoryboards;
			sourceTree = "<group>";
		};
		1BE840C322742DE200C3597C /* homeControllers */ = {
			isa = PBXGroup;
			children = (
				1BE840CC22743E0300C3597C /* userViewController.swift */,
				1BE840CE22743F8E00C3597C /* hollywoodViewController.swift */,
				1BE840D022743FD300C3597C /* bollywoodViewController.swift */,
				1BE840D22274403B00C3597C /* kollywoodViewController.swift */,
				1BE840D42274817D00C3597C /* userFavouriteViewController.swift */,
			);
			path = homeControllers;
			sourceTree = "<group>";
		};
		1BE840D622748A2400C3597C /* Shared */ = {
			isa = PBXGroup;
			children = (
				1B0A7C622279AA4100A48196 /* Services */,
				1BDD064922786F2600545EC6 /* Views */,
				1BE840DC2274CF8200C3597C /* Extensions */,
				1BE840D722748A6800C3597C /* userCell */,
			);
			path = Shared;
			sourceTree = "<group>";
		};
		1BE840D722748A6800C3597C /* userCell */ = {
			isa = PBXGroup;
			children = (
				1BE840D822748AEA00C3597C /* userTableViewCell.swift */,
				1BE840D922748AEA00C3597C /* userTableViewCell.xib */,
			);
			path = userCell;
			sourceTree = "<group>";
		};
		1BE840DC2274CF8200C3597C /* Extensions */ = {
			isa = PBXGroup;
			children = (
				1BE840DD2274CFDA00C3597C /* alertExtension.swift */,
				1BAEE42522757A37000B665C /* loadingExtension.swift */,
			);
			path = Extensions;
			sourceTree = "<group>";
		};
		B661C291FE92BF2E1C0276AC /* Frameworks */ = {
			isa = PBXGroup;
			children = (
				1F4DDDC5FA4A119C9ADA4FB3 /* Pods_MovieKernel.framework */,
				F345D89CFC6B60868371D27E /* Pods_MovieKernelTests.framework */,
				DC1388EEB2E5F1FFE28B0941 /* Pods_MovieKernelUITests.framework */,
			);
			name = Frameworks;
			sourceTree = "<group>";
		};
/* End PBXGroup section */

/* Begin PBXNativeTarget section */
		1B86AED422702CC50014ABA6 /* MovieKernel */ = {
			isa = PBXNativeTarget;
			buildConfigurationList = 1B86AEFD22702CCB0014ABA6 /* Build configuration list for PBXNativeTarget "MovieKernel" */;
			buildPhases = (
				1CCA1FD86E7D127F238FAED7 /* [CP] Check Pods Manifest.lock */,
				1B86AED122702CC50014ABA6 /* Sources */,
				1B86AED222702CC50014ABA6 /* Frameworks */,
				1B86AED322702CC50014ABA6 /* Resources */,
				839FCB1B457B122D9B8EA667 /* [CP] Embed Pods Frameworks */,
				D178B254ED710D0131D019C9 /* [CP] Copy Pods Resources */,
			);
			buildRules = (
			);
			dependencies = (
			);
			name = MovieKernel;
			productName = MovieKernel;
			productReference = 1B86AED522702CC50014ABA6 /* MovieKernel.app */;
			productType = "com.apple.product-type.application";
		};
		1B86AEE822702CCB0014ABA6 /* MovieKernelTests */ = {
			isa = PBXNativeTarget;
			buildConfigurationList = 1B86AF0022702CCB0014ABA6 /* Build configuration list for PBXNativeTarget "MovieKernelTests" */;
			buildPhases = (
				7496F53A33EB1A8A4172A7AA /* [CP] Check Pods Manifest.lock */,
				1B86AEE522702CCB0014ABA6 /* Sources */,
				1B86AEE622702CCB0014ABA6 /* Frameworks */,
				1B86AEE722702CCB0014ABA6 /* Resources */,
			);
			buildRules = (
			);
			dependencies = (
				1B86AEEB22702CCB0014ABA6 /* PBXTargetDependency */,
			);
			name = MovieKernelTests;
			productName = MovieKernelTests;
			productReference = 1B86AEE922702CCB0014ABA6 /* MovieKernelTests.xctest */;
			productType = "com.apple.product-type.bundle.unit-test";
		};
		1B86AEF322702CCB0014ABA6 /* MovieKernelUITests */ = {
			isa = PBXNativeTarget;
			buildConfigurationList = 1B86AF0322702CCB0014ABA6 /* Build configuration list for PBXNativeTarget "MovieKernelUITests" */;
			buildPhases = (
				1E17ABF606C2BE43297BA3CD /* [CP] Check Pods Manifest.lock */,
				1B86AEF022702CCB0014ABA6 /* Sources */,
				1B86AEF122702CCB0014ABA6 /* Frameworks */,
				1B86AEF222702CCB0014ABA6 /* Resources */,
			);
			buildRules = (
			);
			dependencies = (
				1B86AEF622702CCB0014ABA6 /* PBXTargetDependency */,
			);
			name = MovieKernelUITests;
			productName = MovieKernelUITests;
			productReference = 1B86AEF422702CCB0014ABA6 /* MovieKernelUITests.xctest */;
			productType = "com.apple.product-type.bundle.ui-testing";
		};
/* End PBXNativeTarget section */

/* Begin PBXProject section */
		1B86AECD22702CC50014ABA6 /* Project object */ = {
			isa = PBXProject;
			attributes = {
				LastSwiftUpdateCheck = 0940;
				LastUpgradeCheck = 0940;
				ORGANIZATIONNAME = malith;
				TargetAttributes = {
					1B86AED422702CC50014ABA6 = {
						CreatedOnToolsVersion = 9.4.1;
						SystemCapabilities = {
							com.apple.Keychain = {
								enabled = 1;
							};
						};
					};
					1B86AEE822702CCB0014ABA6 = {
						CreatedOnToolsVersion = 9.4.1;
						TestTargetID = 1B86AED422702CC50014ABA6;
					};
					1B86AEF322702CCB0014ABA6 = {
						CreatedOnToolsVersion = 9.4.1;
						TestTargetID = 1B86AED422702CC50014ABA6;
					};
				};
			};
			buildConfigurationList = 1B86AED022702CC50014ABA6 /* Build configuration list for PBXProject "MovieKernel" */;
			compatibilityVersion = "Xcode 9.3";
			developmentRegion = en;
			hasScannedForEncodings = 0;
			knownRegions = (
				en,
				Base,
			);
			mainGroup = 1B86AECC22702CC50014ABA6;
			productRefGroup = 1B86AED622702CC50014ABA6 /* Products */;
			projectDirPath = "";
			projectRoot = "";
			targets = (
				1B86AED422702CC50014ABA6 /* MovieKernel */,
				1B86AEE822702CCB0014ABA6 /* MovieKernelTests */,
				1B86AEF322702CCB0014ABA6 /* MovieKernelUITests */,
			);
		};
/* End PBXProject section */

/* Begin PBXResourcesBuildPhase section */
		1B86AED322702CC50014ABA6 /* Resources */ = {
			isa = PBXResourcesBuildPhase;
			buildActionMask = 2147483647;
			files = (
				1BE840C722742F9A00C3597C /* homeBollywood.storyboard in Resources */,
				1BB0B9C62270350600EE8C26 /* Home.storyboard in Resources */,
				1BE840C522742F6C00C3597C /* homeHollywood.storyboard in Resources */,
				1B86AEE322702CCB0014ABA6 /* LaunchScreen.storyboard in Resources */,
				1BE840DB22748AEA00C3597C /* userTableViewCell.xib in Resources */,
				1B001C3822702F17002478B0 /* GoogleService-Info.plist in Resources */,
				1B86AEE022702CCB0014ABA6 /* Assets.xcassets in Resources */,
				1BB0B9BE2270347400EE8C26 /* Login.storyboard in Resources */,
				1BE840CB22742FE400C3597C /* homeUser.storyboard in Resources */,
				1BB0B9BC2270340000EE8C26 /* Main.storyboard in Resources */,
				1BE840C922742FC000C3597C /* homeKollywood.storyboard in Resources */,
				1BB0B9C2227034D300EE8C26 /* Register.storyboard in Resources */,
			);
			runOnlyForDeploymentPostprocessing = 0;
		};
		1B86AEE722702CCB0014ABA6 /* Resources */ = {
			isa = PBXResourcesBuildPhase;
			buildActionMask = 2147483647;
			files = (
			);
			runOnlyForDeploymentPostprocessing = 0;
		};
		1B86AEF222702CCB0014ABA6 /* Resources */ = {
			isa = PBXResourcesBuildPhase;
			buildActionMask = 2147483647;
			files = (
			);
			runOnlyForDeploymentPostprocessing = 0;
		};
/* End PBXResourcesBuildPhase section */

/* Begin PBXShellScriptBuildPhase section */
		1CCA1FD86E7D127F238FAED7 /* [CP] Check Pods Manifest.lock */ = {
			isa = PBXShellScriptBuildPhase;
			buildActionMask = 2147483647;
			files = (
			);
			inputPaths = (
				"${PODS_PODFILE_DIR_PATH}/Podfile.lock",
				"${PODS_ROOT}/Manifest.lock",
			);
			name = "[CP] Check Pods Manifest.lock";
			outputPaths = (
				"$(DERIVED_FILE_DIR)/Pods-MovieKernel-checkManifestLockResult.txt",
			);
			runOnlyForDeploymentPostprocessing = 0;
			shellPath = /bin/sh;
			shellScript = "diff \"${PODS_PODFILE_DIR_PATH}/Podfile.lock\" \"${PODS_ROOT}/Manifest.lock\" > /dev/null\nif [ $? != 0 ] ; then\n    # print error to STDERR\n    echo \"error: The sandbox is not in sync with the Podfile.lock. Run 'pod install' or update your CocoaPods installation.\" >&2\n    exit 1\nfi\n# This output is used by Xcode 'outputs' to avoid re-running this script phase.\necho \"SUCCESS\" > \"${SCRIPT_OUTPUT_FILE_0}\"\n";
			showEnvVarsInLog = 0;
		};
		1E17ABF606C2BE43297BA3CD /* [CP] Check Pods Manifest.lock */ = {
			isa = PBXShellScriptBuildPhase;
			buildActionMask = 2147483647;
			files = (
			);
			inputPaths = (
				"${PODS_PODFILE_DIR_PATH}/Podfile.lock",
				"${PODS_ROOT}/Manifest.lock",
			);
			name = "[CP] Check Pods Manifest.lock";
			outputPaths = (
				"$(DERIVED_FILE_DIR)/Pods-MovieKernelUITests-checkManifestLockResult.txt",
			);
			runOnlyForDeploymentPostprocessing = 0;
			shellPath = /bin/sh;
			shellScript = "diff \"${PODS_PODFILE_DIR_PATH}/Podfile.lock\" \"${PODS_ROOT}/Manifest.lock\" > /dev/null\nif [ $? != 0 ] ; then\n    # print error to STDERR\n    echo \"error: The sandbox is not in sync with the Podfile.lock. Run 'pod install' or update your CocoaPods installation.\" >&2\n    exit 1\nfi\n# This output is used by Xcode 'outputs' to avoid re-running this script phase.\necho \"SUCCESS\" > \"${SCRIPT_OUTPUT_FILE_0}\"\n";
			showEnvVarsInLog = 0;
		};
		7496F53A33EB1A8A4172A7AA /* [CP] Check Pods Manifest.lock */ = {
			isa = PBXShellScriptBuildPhase;
			buildActionMask = 2147483647;
			files = (
			);
			inputPaths = (
				"${PODS_PODFILE_DIR_PATH}/Podfile.lock",
				"${PODS_ROOT}/Manifest.lock",
			);
			name = "[CP] Check Pods Manifest.lock";
			outputPaths = (
				"$(DERIVED_FILE_DIR)/Pods-MovieKernelTests-checkManifestLockResult.txt",
			);
			runOnlyForDeploymentPostprocessing = 0;
			shellPath = /bin/sh;
			shellScript = "diff \"${PODS_PODFILE_DIR_PATH}/Podfile.lock\" \"${PODS_ROOT}/Manifest.lock\" > /dev/null\nif [ $? != 0 ] ; then\n    # print error to STDERR\n    echo \"error: The sandbox is not in sync with the Podfile.lock. Run 'pod install' or update your CocoaPods installation.\" >&2\n    exit 1\nfi\n# This output is used by Xcode 'outputs' to avoid re-running this script phase.\necho \"SUCCESS\" > \"${SCRIPT_OUTPUT_FILE_0}\"\n";
			showEnvVarsInLog = 0;
		};
		839FCB1B457B122D9B8EA667 /* [CP] Embed Pods Frameworks */ = {
			isa = PBXShellScriptBuildPhase;
			buildActionMask = 2147483647;
			files = (
			);
			inputPaths = (
				"${PODS_ROOT}/Target Support Files/Pods-MovieKernel/Pods-MovieKernel-frameworks.sh",
				"${BUILT_PRODUCTS_DIR}/Bolts/Bolts.framework",
				"${BUILT_PRODUCTS_DIR}/FBSDKCoreKit/FBSDKCoreKit.framework",
				"${BUILT_PRODUCTS_DIR}/FBSDKLoginKit/FBSDKLoginKit.framework",
				"${BUILT_PRODUCTS_DIR}/FBSDKShareKit/FBSDKShareKit.framework",
				"${BUILT_PRODUCTS_DIR}/GTMSessionFetcher/GTMSessionFetcher.framework",
				"${BUILT_PRODUCTS_DIR}/GoogleToolboxForMac/GoogleToolboxForMac.framework",
				"${BUILT_PRODUCTS_DIR}/GoogleUtilities/GoogleUtilities.framework",
				"${BUILT_PRODUCTS_DIR}/leveldb-library/leveldb.framework",
				"${BUILT_PRODUCTS_DIR}/nanopb/nanopb.framework",
			);
			name = "[CP] Embed Pods Frameworks";
			outputPaths = (
				"${TARGET_BUILD_DIR}/${FRAMEWORKS_FOLDER_PATH}/Bolts.framework",
				"${TARGET_BUILD_DIR}/${FRAMEWORKS_FOLDER_PATH}/FBSDKCoreKit.framework",
				"${TARGET_BUILD_DIR}/${FRAMEWORKS_FOLDER_PATH}/FBSDKLoginKit.framework",
				"${TARGET_BUILD_DIR}/${FRAMEWORKS_FOLDER_PATH}/FBSDKShareKit.framework",
				"${TARGET_BUILD_DIR}/${FRAMEWORKS_FOLDER_PATH}/GTMSessionFetcher.framework",
				"${TARGET_BUILD_DIR}/${FRAMEWORKS_FOLDER_PATH}/GoogleToolboxForMac.framework",
				"${TARGET_BUILD_DIR}/${FRAMEWORKS_FOLDER_PATH}/GoogleUtilities.framework",
				"${TARGET_BUILD_DIR}/${FRAMEWORKS_FOLDER_PATH}/leveldb.framework",
				"${TARGET_BUILD_DIR}/${FRAMEWORKS_FOLDER_PATH}/nanopb.framework",
			);
			runOnlyForDeploymentPostprocessing = 0;
			shellPath = /bin/sh;
			shellScript = "\"${PODS_ROOT}/Target Support Files/Pods-MovieKernel/Pods-MovieKernel-frameworks.sh\"\n";
			showEnvVarsInLog = 0;
		};
		D178B254ED710D0131D019C9 /* [CP] Copy Pods Resources */ = {
			isa = PBXShellScriptBuildPhase;
			buildActionMask = 2147483647;
			files = (
			);
			inputPaths = (
				"${PODS_ROOT}/Target Support Files/Pods-MovieKernel/Pods-MovieKernel-resources.sh",
				"${PODS_ROOT}/GoogleSignIn/Resources/GoogleSignIn.bundle",
			);
			name = "[CP] Copy Pods Resources";
			outputPaths = (
				"${TARGET_BUILD_DIR}/${UNLOCALIZED_RESOURCES_FOLDER_PATH}/GoogleSignIn.bundle",
			);
			runOnlyForDeploymentPostprocessing = 0;
			shellPath = /bin/sh;
			shellScript = "\"${PODS_ROOT}/Target Support Files/Pods-MovieKernel/Pods-MovieKernel-resources.sh\"\n";
			showEnvVarsInLog = 0;
		};
/* End PBXShellScriptBuildPhase section */

/* Begin PBXSourcesBuildPhase section */
		1B86AED122702CC50014ABA6 /* Sources */ = {
			isa = PBXSourcesBuildPhase;
			buildActionMask = 2147483647;
			files = (
				1B86AED922702CC50014ABA6 /* AppDelegate.swift in Sources */,
				1BE840D122743FD300C3597C /* bollywoodViewController.swift in Sources */,
				1BB0B9BA227032B900EE8C26 /* mainViewController.swift in Sources */,
				1B0A7C61227981D200A48196 /* Favourites.swift in Sources */,
				1B0A7C642279AA7100A48196 /* imageService.swift in Sources */,
				1BE840D32274403B00C3597C /* kollywoodViewController.swift in Sources */,
				1BAEE42622757A37000B665C /* loadingExtension.swift in Sources */,
				1B96F5E42278CFFE00D30108 /* Movies.swift in Sources */,
				1BE840CF22743F8E00C3597C /* hollywoodViewController.swift in Sources */,
				1BB0B9C02270349D00EE8C26 /* loginViewController.swift in Sources */,
				1BE840DA22748AEA00C3597C /* userTableViewCell.swift in Sources */,
				1BDD064B22786F6100545EC6 /* photoCell.swift in Sources */,
				1BE840CD22743E0300C3597C /* userViewController.swift in Sources */,
				1BDD064D22787D6E00545EC6 /* PinterestLayout.swift in Sources */,
				1BE840D52274817D00C3597C /* userFavouriteViewController.swift in Sources */,
				1BB0B9C4227034EB00EE8C26 /* registerViewController.swift in Sources */,
				1BE840DE2274CFDA00C3597C /* alertExtension.swift in Sources */,
			);
			runOnlyForDeploymentPostprocessing = 0;
		};
		1B86AEE522702CCB0014ABA6 /* Sources */ = {
			isa = PBXSourcesBuildPhase;
			buildActionMask = 2147483647;
			files = (
				1B86AEEE22702CCB0014ABA6 /* MovieKernelTests.swift in Sources */,
			);
			runOnlyForDeploymentPostprocessing = 0;
		};
		1B86AEF022702CCB0014ABA6 /* Sources */ = {
			isa = PBXSourcesBuildPhase;
			buildActionMask = 2147483647;
			files = (
				1B86AEF922702CCB0014ABA6 /* MovieKernelUITests.swift in Sources */,
			);
			runOnlyForDeploymentPostprocessing = 0;
		};
/* End PBXSourcesBuildPhase section */

/* Begin PBXTargetDependency section */
		1B86AEEB22702CCB0014ABA6 /* PBXTargetDependency */ = {
			isa = PBXTargetDependency;
			target = 1B86AED422702CC50014ABA6 /* MovieKernel */;
			targetProxy = 1B86AEEA22702CCB0014ABA6 /* PBXContainerItemProxy */;
		};
		1B86AEF622702CCB0014ABA6 /* PBXTargetDependency */ = {
			isa = PBXTargetDependency;
			target = 1B86AED422702CC50014ABA6 /* MovieKernel */;
			targetProxy = 1B86AEF522702CCB0014ABA6 /* PBXContainerItemProxy */;
		};
/* End PBXTargetDependency section */

/* Begin PBXVariantGroup section */
		1B86AEE122702CCB0014ABA6 /* LaunchScreen.storyboard */ = {
			isa = PBXVariantGroup;
			children = (
				1B86AEE222702CCB0014ABA6 /* Base */,
			);
			name = LaunchScreen.storyboard;
			sourceTree = "<group>";
		};
/* End PBXVariantGroup section */

/* Begin XCBuildConfiguration section */
		1B86AEFB22702CCB0014ABA6 /* Debug */ = {
			isa = XCBuildConfiguration;
			buildSettings = {
				ALWAYS_SEARCH_USER_PATHS = NO;
				CLANG_ANALYZER_NONNULL = YES;
				CLANG_ANALYZER_NUMBER_OBJECT_CONVERSION = YES_AGGRESSIVE;
				CLANG_CXX_LANGUAGE_STANDARD = "gnu++14";
				CLANG_CXX_LIBRARY = "libc++";
				CLANG_ENABLE_MODULES = YES;
				CLANG_ENABLE_OBJC_ARC = YES;
				CLANG_ENABLE_OBJC_WEAK = YES;
				CLANG_WARN_BLOCK_CAPTURE_AUTORELEASING = YES;
				CLANG_WARN_BOOL_CONVERSION = YES;
				CLANG_WARN_COMMA = YES;
				CLANG_WARN_CONSTANT_CONVERSION = YES;
				CLANG_WARN_DEPRECATED_OBJC_IMPLEMENTATIONS = YES;
				CLANG_WARN_DIRECT_OBJC_ISA_USAGE = YES_ERROR;
				CLANG_WARN_DOCUMENTATION_COMMENTS = YES;
				CLANG_WARN_EMPTY_BODY = YES;
				CLANG_WARN_ENUM_CONVERSION = YES;
				CLANG_WARN_INFINITE_RECURSION = YES;
				CLANG_WARN_INT_CONVERSION = YES;
				CLANG_WARN_NON_LITERAL_NULL_CONVERSION = YES;
				CLANG_WARN_OBJC_IMPLICIT_RETAIN_SELF = YES;
				CLANG_WARN_OBJC_LITERAL_CONVERSION = YES;
				CLANG_WARN_OBJC_ROOT_CLASS = YES_ERROR;
				CLANG_WARN_RANGE_LOOP_ANALYSIS = YES;
				CLANG_WARN_STRICT_PROTOTYPES = YES;
				CLANG_WARN_SUSPICIOUS_MOVE = YES;
				CLANG_WARN_UNGUARDED_AVAILABILITY = YES_AGGRESSIVE;
				CLANG_WARN_UNREACHABLE_CODE = YES;
				CLANG_WARN__DUPLICATE_METHOD_MATCH = YES;
				CODE_SIGN_IDENTITY = "iPhone Developer";
				COPY_PHASE_STRIP = NO;
				DEBUG_INFORMATION_FORMAT = dwarf;
				ENABLE_STRICT_OBJC_MSGSEND = YES;
				ENABLE_TESTABILITY = YES;
				GCC_C_LANGUAGE_STANDARD = gnu11;
				GCC_DYNAMIC_NO_PIC = NO;
				GCC_NO_COMMON_BLOCKS = YES;
				GCC_OPTIMIZATION_LEVEL = 0;
				GCC_PREPROCESSOR_DEFINITIONS = (
					"DEBUG=1",
					"$(inherited)",
				);
				GCC_WARN_64_TO_32_BIT_CONVERSION = YES;
				GCC_WARN_ABOUT_RETURN_TYPE = YES_ERROR;
				GCC_WARN_UNDECLARED_SELECTOR = YES;
				GCC_WARN_UNINITIALIZED_AUTOS = YES_AGGRESSIVE;
				GCC_WARN_UNUSED_FUNCTION = YES;
				GCC_WARN_UNUSED_VARIABLE = YES;
				IPHONEOS_DEPLOYMENT_TARGET = 11.4;
				MTL_ENABLE_DEBUG_INFO = YES;
				ONLY_ACTIVE_ARCH = YES;
				SDKROOT = iphoneos;
				SWIFT_ACTIVE_COMPILATION_CONDITIONS = DEBUG;
				SWIFT_OPTIMIZATION_LEVEL = "-Onone";
			};
			name = Debug;
		};
		1B86AEFC22702CCB0014ABA6 /* Release */ = {
			isa = XCBuildConfiguration;
			buildSettings = {
				ALWAYS_SEARCH_USER_PATHS = NO;
				CLANG_ANALYZER_NONNULL = YES;
				CLANG_ANALYZER_NUMBER_OBJECT_CONVERSION = YES_AGGRESSIVE;
				CLANG_CXX_LANGUAGE_STANDARD = "gnu++14";
				CLANG_CXX_LIBRARY = "libc++";
				CLANG_ENABLE_MODULES = YES;
				CLANG_ENABLE_OBJC_ARC = YES;
				CLANG_ENABLE_OBJC_WEAK = YES;
				CLANG_WARN_BLOCK_CAPTURE_AUTORELEASING = YES;
				CLANG_WARN_BOOL_CONVERSION = YES;
				CLANG_WARN_COMMA = YES;
				CLANG_WARN_CONSTANT_CONVERSION = YES;
				CLANG_WARN_DEPRECATED_OBJC_IMPLEMENTATIONS = YES;
				CLANG_WARN_DIRECT_OBJC_ISA_USAGE = YES_ERROR;
				CLANG_WARN_DOCUMENTATION_COMMENTS = YES;
				CLANG_WARN_EMPTY_BODY = YES;
				CLANG_WARN_ENUM_CONVERSION = YES;
				CLANG_WARN_INFINITE_RECURSION = YES;
				CLANG_WARN_INT_CONVERSION = YES;
				CLANG_WARN_NON_LITERAL_NULL_CONVERSION = YES;
				CLANG_WARN_OBJC_IMPLICIT_RETAIN_SELF = YES;
				CLANG_WARN_OBJC_LITERAL_CONVERSION = YES;
				CLANG_WARN_OBJC_ROOT_CLASS = YES_ERROR;
				CLANG_WARN_RANGE_LOOP_ANALYSIS = YES;
				CLANG_WARN_STRICT_PROTOTYPES = YES;
				CLANG_WARN_SUSPICIOUS_MOVE = YES;
				CLANG_WARN_UNGUARDED_AVAILABILITY = YES_AGGRESSIVE;
				CLANG_WARN_UNREACHABLE_CODE = YES;
				CLANG_WARN__DUPLICATE_METHOD_MATCH = YES;
				CODE_SIGN_IDENTITY = "iPhone Developer";
				COPY_PHASE_STRIP = NO;
				DEBUG_INFORMATION_FORMAT = "dwarf-with-dsym";
				ENABLE_NS_ASSERTIONS = NO;
				ENABLE_STRICT_OBJC_MSGSEND = YES;
				GCC_C_LANGUAGE_STANDARD = gnu11;
				GCC_NO_COMMON_BLOCKS = YES;
				GCC_WARN_64_TO_32_BIT_CONVERSION = YES;
				GCC_WARN_ABOUT_RETURN_TYPE = YES_ERROR;
				GCC_WARN_UNDECLARED_SELECTOR = YES;
				GCC_WARN_UNINITIALIZED_AUTOS = YES_AGGRESSIVE;
				GCC_WARN_UNUSED_FUNCTION = YES;
				GCC_WARN_UNUSED_VARIABLE = YES;
				IPHONEOS_DEPLOYMENT_TARGET = 11.4;
				MTL_ENABLE_DEBUG_INFO = NO;
				SDKROOT = iphoneos;
				SWIFT_COMPILATION_MODE = wholemodule;
				SWIFT_OPTIMIZATION_LEVEL = "-O";
				VALIDATE_PRODUCT = YES;
			};
			name = Release;
		};
		1B86AEFE22702CCB0014ABA6 /* Debug */ = {
			isa = XCBuildConfiguration;
			baseConfigurationReference = 278D3DA828A5C3F613347A9D /* Pods-MovieKernel.debug.xcconfig */;
			buildSettings = {
				ASSETCATALOG_COMPILER_APPICON_NAME = AppIcon;
				CODE_SIGN_ENTITLEMENTS = MovieKernel/MovieKernel.entitlements;
				CODE_SIGN_STYLE = Automatic;
				DEVELOPMENT_TEAM = 7SF72YH8H4;
				INFOPLIST_FILE = MovieKernel/Info.plist;
				LD_RUNPATH_SEARCH_PATHS = (
					"$(inherited)",
					"@executable_path/Frameworks",
				);
				PRODUCT_BUNDLE_IDENTIFIER = com.malith.MovieKernel;
				PRODUCT_NAME = "$(TARGET_NAME)";
				SWIFT_VERSION = 4.0;
				TARGETED_DEVICE_FAMILY = "1,2";
			};
			name = Debug;
		};
		1B86AEFF22702CCB0014ABA6 /* Release */ = {
			isa = XCBuildConfiguration;
			baseConfigurationReference = 7F91FFF80DD4EA4E4070458F /* Pods-MovieKernel.release.xcconfig */;
			buildSettings = {
				ASSETCATALOG_COMPILER_APPICON_NAME = AppIcon;
				CODE_SIGN_ENTITLEMENTS = MovieKernel/MovieKernel.entitlements;
				CODE_SIGN_STYLE = Automatic;
				DEVELOPMENT_TEAM = 7SF72YH8H4;
				INFOPLIST_FILE = MovieKernel/Info.plist;
				LD_RUNPATH_SEARCH_PATHS = (
					"$(inherited)",
					"@executable_path/Frameworks",
				);
				PRODUCT_BUNDLE_IDENTIFIER = com.malith.MovieKernel;
				PRODUCT_NAME = "$(TARGET_NAME)";
				SWIFT_VERSION = 4.0;
				TARGETED_DEVICE_FAMILY = "1,2";
			};
			name = Release;
		};
		1B86AF0122702CCB0014ABA6 /* Debug */ = {
			isa = XCBuildConfiguration;
			baseConfigurationReference = 564C401733F76625D5B46823 /* Pods-MovieKernelTests.debug.xcconfig */;
			buildSettings = {
				ALWAYS_EMBED_SWIFT_STANDARD_LIBRARIES = YES;
				BUNDLE_LOADER = "$(TEST_HOST)";
				CODE_SIGN_STYLE = Automatic;
				INFOPLIST_FILE = MovieKernelTests/Info.plist;
				LD_RUNPATH_SEARCH_PATHS = (
					"$(inherited)",
					"@executable_path/Frameworks",
					"@loader_path/Frameworks",
				);
				PRODUCT_BUNDLE_IDENTIFIER = com.malith.MovieKernelTests;
				PRODUCT_NAME = "$(TARGET_NAME)";
				SWIFT_VERSION = 4.0;
				TARGETED_DEVICE_FAMILY = "1,2";
				TEST_HOST = "$(BUILT_PRODUCTS_DIR)/MovieKernel.app/MovieKernel";
			};
			name = Debug;
		};
		1B86AF0222702CCB0014ABA6 /* Release */ = {
			isa = XCBuildConfiguration;
			baseConfigurationReference = 468A57C476DAA4C850C225C8 /* Pods-MovieKernelTests.release.xcconfig */;
			buildSettings = {
				ALWAYS_EMBED_SWIFT_STANDARD_LIBRARIES = YES;
				BUNDLE_LOADER = "$(TEST_HOST)";
				CODE_SIGN_STYLE = Automatic;
				INFOPLIST_FILE = MovieKernelTests/Info.plist;
				LD_RUNPATH_SEARCH_PATHS = (
					"$(inherited)",
					"@executable_path/Frameworks",
					"@loader_path/Frameworks",
				);
				PRODUCT_BUNDLE_IDENTIFIER = com.malith.MovieKernelTests;
				PRODUCT_NAME = "$(TARGET_NAME)";
				SWIFT_VERSION = 4.0;
				TARGETED_DEVICE_FAMILY = "1,2";
				TEST_HOST = "$(BUILT_PRODUCTS_DIR)/MovieKernel.app/MovieKernel";
			};
			name = Release;
		};
		1B86AF0422702CCB0014ABA6 /* Debug */ = {
			isa = XCBuildConfiguration;
			baseConfigurationReference = D4F2826F94920C596D593C40 /* Pods-MovieKernelUITests.debug.xcconfig */;
			buildSettings = {
				ALWAYS_EMBED_SWIFT_STANDARD_LIBRARIES = YES;
				CODE_SIGN_STYLE = Automatic;
				INFOPLIST_FILE = MovieKernelUITests/Info.plist;
				LD_RUNPATH_SEARCH_PATHS = (
					"$(inherited)",
					"@executable_path/Frameworks",
					"@loader_path/Frameworks",
				);
				PRODUCT_BUNDLE_IDENTIFIER = com.malith.MovieKernelUITests;
				PRODUCT_NAME = "$(TARGET_NAME)";
				SWIFT_VERSION = 4.0;
				TARGETED_DEVICE_FAMILY = "1,2";
				TEST_TARGET_NAME = MovieKernel;
			};
			name = Debug;
		};
		1B86AF0522702CCB0014ABA6 /* Release */ = {
			isa = XCBuildConfiguration;
			baseConfigurationReference = 9D54CD40C3602C2C9B85AD2F /* Pods-MovieKernelUITests.release.xcconfig */;
			buildSettings = {
				ALWAYS_EMBED_SWIFT_STANDARD_LIBRARIES = YES;
				CODE_SIGN_STYLE = Automatic;
				INFOPLIST_FILE = MovieKernelUITests/Info.plist;
				LD_RUNPATH_SEARCH_PATHS = (
					"$(inherited)",
					"@executable_path/Frameworks",
					"@loader_path/Frameworks",
				);
				PRODUCT_BUNDLE_IDENTIFIER = com.malith.MovieKernelUITests;
				PRODUCT_NAME = "$(TARGET_NAME)";
				SWIFT_VERSION = 4.0;
				TARGETED_DEVICE_FAMILY = "1,2";
				TEST_TARGET_NAME = MovieKernel;
			};
			name = Release;
		};
/* End XCBuildConfiguration section */

/* Begin XCConfigurationList section */
		1B86AED022702CC50014ABA6 /* Build configuration list for PBXProject "MovieKernel" */ = {
			isa = XCConfigurationList;
			buildConfigurations = (
				1B86AEFB22702CCB0014ABA6 /* Debug */,
				1B86AEFC22702CCB0014ABA6 /* Release */,
			);
			defaultConfigurationIsVisible = 0;
			defaultConfigurationName = Release;
		};
		1B86AEFD22702CCB0014ABA6 /* Build configuration list for PBXNativeTarget "MovieKernel" */ = {
			isa = XCConfigurationList;
			buildConfigurations = (
				1B86AEFE22702CCB0014ABA6 /* Debug */,
				1B86AEFF22702CCB0014ABA6 /* Release */,
			);
			defaultConfigurationIsVisible = 0;
			defaultConfigurationName = Release;
		};
		1B86AF0022702CCB0014ABA6 /* Build configuration list for PBXNativeTarget "MovieKernelTests" */ = {
			isa = XCConfigurationList;
			buildConfigurations = (
				1B86AF0122702CCB0014ABA6 /* Debug */,
				1B86AF0222702CCB0014ABA6 /* Release */,
			);
			defaultConfigurationIsVisible = 0;
			defaultConfigurationName = Release;
		};
		1B86AF0322702CCB0014ABA6 /* Build configuration list for PBXNativeTarget "MovieKernelUITests" */ = {
			isa = XCConfigurationList;
			buildConfigurations = (
				1B86AF0422702CCB0014ABA6 /* Debug */,
				1B86AF0522702CCB0014ABA6 /* Release */,
			);
			defaultConfigurationIsVisible = 0;
			defaultConfigurationName = Release;
		};
/* End XCConfigurationList section */
	};
	rootObject = 1B86AECD22702CC50014ABA6 /* Project object */;
}
